
Microsoft Visual Studio Solution File, Format Version 12.00
# Visual Studio 15
VisualStudioVersion = 15.0.27130.2010
MinimumVisualStudioVersion = 10.0.40219.1
Project("{FAE04EC0-301F-11D3-BF4B-00C04F79EFBC}") = "BikeShop.Website", "BikeShop\BikeShop.Website.csproj", "{50555CFB-7870-449C-BF10-704050762B6E}"
EndProject
Project("{FAE04EC0-301F-11D3-BF4B-00C04F79EFBC}") = "BikeShop.Tests", "BikeShop.Tests\BikeShop.Tests.csproj", "{1D089555-274B-452A-9E55-A9C1104305E1}"
EndProject
Project("{FAE04EC0-301F-11D3-BF4B-00C04F79EFBC}") = "BikeShop.DAL", "BikeShop.Model\BikeShop.DAL.csproj", "{317ECD5F-5FC0-4618-86A2-491A8E4B77C6}"
EndProject
Project("{FAE04EC0-301F-11D3-BF4B-00C04F79EFBC}") = "BikeShop.Common", "BikeShop.Common\BikeShop.Common.csproj", "{665A8F73-8555-49C0-AC89-CAA8FF477AB8}"
EndProject
Project("{FAE04EC0-301F-11D3-BF4B-00C04F79EFBC}") = "BikeShop.Domain", "BikeShop.Domain\BikeShop.Domain.csproj", "{F51200C6-0F2F-42F5-9089-2AC292A24ABE}"
EndProject
Global
	GlobalSection(SolutionConfigurationPlatforms) = preSolution
		Debug|Any CPU = Debug|Any CPU
		Release|Any CPU = Release|Any CPU
	EndGlobalSection
	GlobalSection(ProjectConfigurationPlatforms) = postSolution
		{50555CFB-7870-449C-BF10-704050762B6E}.Debug|Any CPU.ActiveCfg = Debug|Any CPU
		{50555CFB-7870-449C-BF10-704050762B6E}.Debug|Any CPU.Build.0 = Debug|Any CPU
		{50555CFB-7870-449C-BF10-704050762B6E}.Release|Any CPU.ActiveCfg = Release|Any CPU
		{50555CFB-7870-449C-BF10-704050762B6E}.Release|Any CPU.Build.0 = Release|Any CPU
		{1D089555-274B-452A-9E55-A9C1104305E1}.Debug|Any CPU.ActiveCfg = Debug|Any CPU
		{1D089555-274B-452A-9E55-A9C1104305E1}.Debug|Any CPU.Build.0 = Debug|Any CPU
		{1D089555-274B-452A-9E55-A9C1104305E1}.Release|Any CPU.ActiveCfg = Release|Any CPU
		{1D089555-274B-452A-9E55-A9C1104305E1}.Release|Any CPU.Build.0 = Release|Any CPU
		{317ECD5F-5FC0-4618-86A2-491A8E4B77C6}.Debug|Any CPU.ActiveCfg = Debug|Any CPU
		{317ECD5F-5FC0-4618-86A2-491A8E4B77C6}.Debug|Any CPU.Build.0 = Debug|Any CPU
		{317ECD5F-5FC0-4618-86A2-491A8E4B77C6}.Release|Any CPU.ActiveCfg = Release|Any CPU
		{317ECD5F-5FC0-4618-86A2-491A8E4B77C6}.Release|Any CPU.Build.0 = Release|Any CPU
		{665A8F73-8555-49C0-AC89-CAA8FF477AB8}.Debug|Any CPU.ActiveCfg = Debug|Any CPU
		{665A8F73-8555-49C0-AC89-CAA8FF477AB8}.Debug|Any CPU.Build.0 = Debug|Any CPU
		{665A8F73-8555-49C0-AC89-CAA8FF477AB8}.Release|Any CPU.ActiveCfg = Release|Any CPU
		{665A8F73-8555-49C0-AC89-CAA8FF477AB8}.Release|Any CPU.Build.0 = Release|Any CPU
		{F51200C6-0F2F-42F5-9089-2AC292A24ABE}.Debug|Any CPU.ActiveCfg = Debug|Any CPU
		{F51200C6-0F2F-42F5-9089-2AC292A24ABE}.Debug|Any CPU.Build.0 = Debug|Any CPU
		{F51200C6-0F2F-42F5-9089-2AC292A24ABE}.Release|Any CPU.ActiveCfg = Release|Any CPU
		{F51200C6-0F2F-42F5-9089-2AC292A24ABE}.Release|Any CPU.Build.0 = Release|Any CPU
	EndGlobalSection
	GlobalSection(SolutionProperties) = preSolution
		HideSolutionNode = FALSE
	EndGlobalSection
	GlobalSection(ExtensibilityGlobals) = postSolution
		SolutionGuid = {E61C3CFA-B4C2-4BD0-96FE-6BC9A5656622}
	EndGlobalSection
EndGlobal
